
Microsoft Visual Studio Solution File, Format Version 12.00
# Visual Studio Version 17
VisualStudioVersion = 17.2.32505.173
MinimumVisualStudioVersion = 10.0.40219.1
Project("{FAE04EC0-301F-11D3-BF4B-00C04F79EFBC}") = "Common", "Common\Common.csproj", "{C8373B8F-13E5-4DDE-9903-6637BDD5FE1E}"
EndProject
Project("{FAE04EC0-301F-11D3-BF4B-00C04F79EFBC}") = "Models", "Models\Models.csproj", "{E38420C8-B37C-4B26-A77E-AE60BC495395}"
EndProject
Project("{FAE04EC0-301F-11D3-BF4B-00C04F79EFBC}") = "DAL", "DAL\DAL.csproj", "{2479EC41-D7CB-47FA-A3F5-2A5080050FDD}"
EndProject
Project("{FAE04EC0-301F-11D3-BF4B-00C04F79EFBC}") = "SolidWorksHelper", "SolidWorksHelper\SolidWorksHelper.csproj", "{A99D5AEB-2FD5-430B-9D56-DBF20C5C873F}"
EndProject
Project("{FAE04EC0-301F-11D3-BF4B-00C04F79EFBC}") = "UpdateProgram", "UpdateProgram\UpdateProgram.csproj", "{F37EDCC1-5A3F-4234-AED9-A4E6E02A1413}"
EndProject
Project("{FAE04EC0-301F-11D3-BF4B-00C04F79EFBC}") = "Compass.WinForm", "Compass.WinForm\Compass.WinForm.csproj", "{72C90539-B00C-47AC-933B-21FFF2D96BFA}"
EndProject
Project("{9A19103F-16F7-4668-BE54-9A1E7A4F7556}") = "Compass.Shared", "Compass.Shared\Compass.Shared.csproj", "{BE8A5086-3E7F-46BB-BC73-723280F2EE89}"
EndProject
Project("{9A19103F-16F7-4668-BE54-9A1E7A4F7556}") = "Compass.Wpf", "Compass.Wpf\Compass.Wpf.csproj", "{24969AF8-762D-438E-836A-C295609B1D93}"
EndProject
Project("{FAE04EC0-301F-11D3-BF4B-00C04F79EFBC}") = "Compass.Wpf.Beta", "Compass.Wpf.Beta\Compass.Wpf.Beta.csproj", "{E7BF7775-67BD-41E8-8708-8D45528816E9}"
EndProject
Project("{FAE04EC0-301F-11D3-BF4B-00C04F79EFBC}") = "Compass.Update", "Compass.Update\Compass.Update.csproj", "{EDE6A1BA-1AF2-415C-859D-E56648A7CDE3}"
EndProject
Project("{2150E333-8FDC-42A3-9474-1A3956D46DE8}") = "WpfDesign", "WpfDesign", "{DC4DA295-06DA-4843-AAF0-C195D69F08C5}"
EndProject
Project("{2150E333-8FDC-42A3-9474-1A3956D46DE8}") = "WinFormDesign", "WinFormDesign", "{D9F89F83-EAD1-453D-820D-B1E0E10E229B}"
EndProject
Project("{2150E333-8FDC-42A3-9474-1A3956D46DE8}") = "WebDesign", "WebDesign", "{C8E001FC-41F5-4A9B-9EFE-85AE01579F76}"
EndProject
Project("{FAE04EC0-301F-11D3-BF4B-00C04F79EFBC}") = "Compass.Domain", "Compass.Domain\Compass.Domain.csproj", "{8B1C9073-F73C-4329-8575-D2844A7B1C75}"
EndProject
Project("{FAE04EC0-301F-11D3-BF4B-00C04F79EFBC}") = "Compass.Infrastructure", "Compass.Infrastructure\Compass.Infrastructure.csproj", "{82387D7A-5BCE-4838-92C9-252B11C7E567}"
EndProject
Project("{FAE04EC0-301F-11D3-BF4B-00C04F79EFBC}") = "Compass.WebApi", "Compass.WebApi\Compass.WebApi.csproj", "{E54F2903-FB49-45F9-A159-63F0E1B29F2B}"
EndProject
Global
	GlobalSection(SolutionConfigurationPlatforms) = preSolution
		Debug|Any CPU = Debug|Any CPU
		Debug|x86 = Debug|x86
		Release|Any CPU = Release|Any CPU
		Release|x86 = Release|x86
	EndGlobalSection
	GlobalSection(ProjectConfigurationPlatforms) = postSolution
		{C8373B8F-13E5-4DDE-9903-6637BDD5FE1E}.Debug|Any CPU.ActiveCfg = Debug|Any CPU
		{C8373B8F-13E5-4DDE-9903-6637BDD5FE1E}.Debug|Any CPU.Build.0 = Debug|Any CPU
		{C8373B8F-13E5-4DDE-9903-6637BDD5FE1E}.Debug|x86.ActiveCfg = Debug|x86
		{C8373B8F-13E5-4DDE-9903-6637BDD5FE1E}.Debug|x86.Build.0 = Debug|x86
		{C8373B8F-13E5-4DDE-9903-6637BDD5FE1E}.Release|Any CPU.ActiveCfg = Release|Any CPU
		{C8373B8F-13E5-4DDE-9903-6637BDD5FE1E}.Release|Any CPU.Build.0 = Release|Any CPU
		{C8373B8F-13E5-4DDE-9903-6637BDD5FE1E}.Release|x86.ActiveCfg = Release|x86
		{C8373B8F-13E5-4DDE-9903-6637BDD5FE1E}.Release|x86.Build.0 = Release|x86
		{E38420C8-B37C-4B26-A77E-AE60BC495395}.Debug|Any CPU.ActiveCfg = Debug|Any CPU
		{E38420C8-B37C-4B26-A77E-AE60BC495395}.Debug|Any CPU.Build.0 = Debug|Any CPU
		{E38420C8-B37C-4B26-A77E-AE60BC495395}.Debug|x86.ActiveCfg = Debug|x86
		{E38420C8-B37C-4B26-A77E-AE60BC495395}.Debug|x86.Build.0 = Debug|x86
		{E38420C8-B37C-4B26-A77E-AE60BC495395}.Release|Any CPU.ActiveCfg = Release|Any CPU
		{E38420C8-B37C-4B26-A77E-AE60BC495395}.Release|Any CPU.Build.0 = Release|Any CPU
		{E38420C8-B37C-4B26-A77E-AE60BC495395}.Release|x86.ActiveCfg = Release|x86
		{E38420C8-B37C-4B26-A77E-AE60BC495395}.Release|x86.Build.0 = Release|x86
		{2479EC41-D7CB-47FA-A3F5-2A5080050FDD}.Debug|Any CPU.ActiveCfg = Debug|Any CPU
		{2479EC41-D7CB-47FA-A3F5-2A5080050FDD}.Debug|Any CPU.Build.0 = Debug|Any CPU
		{2479EC41-D7CB-47FA-A3F5-2A5080050FDD}.Debug|x86.ActiveCfg = Debug|x86
		{2479EC41-D7CB-47FA-A3F5-2A5080050FDD}.Debug|x86.Build.0 = Debug|x86
		{2479EC41-D7CB-47FA-A3F5-2A5080050FDD}.Release|Any CPU.ActiveCfg = Release|Any CPU
		{2479EC41-D7CB-47FA-A3F5-2A5080050FDD}.Release|Any CPU.Build.0 = Release|Any CPU
		{2479EC41-D7CB-47FA-A3F5-2A5080050FDD}.Release|x86.ActiveCfg = Release|x86
		{2479EC41-D7CB-47FA-A3F5-2A5080050FDD}.Release|x86.Build.0 = Release|x86
		{A99D5AEB-2FD5-430B-9D56-DBF20C5C873F}.Debug|Any CPU.ActiveCfg = Debug|Any CPU
		{A99D5AEB-2FD5-430B-9D56-DBF20C5C873F}.Debug|Any CPU.Build.0 = Debug|Any CPU
		{A99D5AEB-2FD5-430B-9D56-DBF20C5C873F}.Debug|x86.ActiveCfg = Debug|x86
		{A99D5AEB-2FD5-430B-9D56-DBF20C5C873F}.Debug|x86.Build.0 = Debug|x86
		{A99D5AEB-2FD5-430B-9D56-DBF20C5C873F}.Release|Any CPU.ActiveCfg = Release|Any CPU
		{A99D5AEB-2FD5-430B-9D56-DBF20C5C873F}.Release|Any CPU.Build.0 = Release|Any CPU
		{A99D5AEB-2FD5-430B-9D56-DBF20C5C873F}.Release|x86.ActiveCfg = Release|x86
		{A99D5AEB-2FD5-430B-9D56-DBF20C5C873F}.Release|x86.Build.0 = Release|x86
		{F37EDCC1-5A3F-4234-AED9-A4E6E02A1413}.Debug|Any CPU.ActiveCfg = Debug|Any CPU
		{F37EDCC1-5A3F-4234-AED9-A4E6E02A1413}.Debug|Any CPU.Build.0 = Debug|Any CPU
		{F37EDCC1-5A3F-4234-AED9-A4E6E02A1413}.Debug|x86.ActiveCfg = Debug|Any CPU
		{F37EDCC1-5A3F-4234-AED9-A4E6E02A1413}.Debug|x86.Build.0 = Debug|Any CPU
		{F37EDCC1-5A3F-4234-AED9-A4E6E02A1413}.Release|Any CPU.ActiveCfg = Release|Any CPU
		{F37EDCC1-5A3F-4234-AED9-A4E6E02A1413}.Release|Any CPU.Build.0 = Release|Any CPU
		{F37EDCC1-5A3F-4234-AED9-A4E6E02A1413}.Release|x86.ActiveCfg = Release|Any CPU
		{F37EDCC1-5A3F-4234-AED9-A4E6E02A1413}.Release|x86.Build.0 = Release|Any CPU
		{72C90539-B00C-47AC-933B-21FFF2D96BFA}.Debug|Any CPU.ActiveCfg = Debug|Any CPU
		{72C90539-B00C-47AC-933B-21FFF2D96BFA}.Debug|Any CPU.Build.0 = Debug|Any CPU
		{72C90539-B00C-47AC-933B-21FFF2D96BFA}.Debug|x86.ActiveCfg = Debug|x86
		{72C90539-B00C-47AC-933B-21FFF2D96BFA}.Debug|x86.Build.0 = Debug|x86
		{72C90539-B00C-47AC-933B-21FFF2D96BFA}.Release|Any CPU.ActiveCfg = Release|Any CPU
		{72C90539-B00C-47AC-933B-21FFF2D96BFA}.Release|Any CPU.Build.0 = Release|Any CPU
		{72C90539-B00C-47AC-933B-21FFF2D96BFA}.Release|x86.ActiveCfg = Release|x86
		{72C90539-B00C-47AC-933B-21FFF2D96BFA}.Release|x86.Build.0 = Release|x86
		{BE8A5086-3E7F-46BB-BC73-723280F2EE89}.Debug|Any CPU.ActiveCfg = Debug|Any CPU
		{BE8A5086-3E7F-46BB-BC73-723280F2EE89}.Debug|Any CPU.Build.0 = Debug|Any CPU
		{BE8A5086-3E7F-46BB-BC73-723280F2EE89}.Debug|x86.ActiveCfg = Debug|Any CPU
		{BE8A5086-3E7F-46BB-BC73-723280F2EE89}.Debug|x86.Build.0 = Debug|Any CPU
		{BE8A5086-3E7F-46BB-BC73-723280F2EE89}.Release|Any CPU.ActiveCfg = Release|Any CPU
		{BE8A5086-3E7F-46BB-BC73-723280F2EE89}.Release|Any CPU.Build.0 = Release|Any CPU
		{BE8A5086-3E7F-46BB-BC73-723280F2EE89}.Release|x86.ActiveCfg = Release|Any CPU
		{BE8A5086-3E7F-46BB-BC73-723280F2EE89}.Release|x86.Build.0 = Release|Any CPU
		{24969AF8-762D-438E-836A-C295609B1D93}.Debug|Any CPU.ActiveCfg = Debug|Any CPU
		{24969AF8-762D-438E-836A-C295609B1D93}.Debug|Any CPU.Build.0 = Debug|Any CPU
		{24969AF8-762D-438E-836A-C295609B1D93}.Debug|x86.ActiveCfg = Debug|Any CPU
		{24969AF8-762D-438E-836A-C295609B1D93}.Debug|x86.Build.0 = Debug|Any CPU
		{24969AF8-762D-438E-836A-C295609B1D93}.Release|Any CPU.ActiveCfg = Release|Any CPU
		{24969AF8-762D-438E-836A-C295609B1D93}.Release|Any CPU.Build.0 = Release|Any CPU
		{24969AF8-762D-438E-836A-C295609B1D93}.Release|x86.ActiveCfg = Release|Any CPU
		{24969AF8-762D-438E-836A-C295609B1D93}.Release|x86.Build.0 = Release|Any CPU
		{E7BF7775-67BD-41E8-8708-8D45528816E9}.Debug|Any CPU.ActiveCfg = Debug|Any CPU
		{E7BF7775-67BD-41E8-8708-8D45528816E9}.Debug|Any CPU.Build.0 = Debug|Any CPU
		{E7BF7775-67BD-41E8-8708-8D45528816E9}.Debug|x86.ActiveCfg = Debug|Any CPU
		{E7BF7775-67BD-41E8-8708-8D45528816E9}.Debug|x86.Build.0 = Debug|Any CPU
		{E7BF7775-67BD-41E8-8708-8D45528816E9}.Release|Any CPU.ActiveCfg = Release|Any CPU
		{E7BF7775-67BD-41E8-8708-8D45528816E9}.Release|Any CPU.Build.0 = Release|Any CPU
		{E7BF7775-67BD-41E8-8708-8D45528816E9}.Release|x86.ActiveCfg = Release|Any CPU
		{E7BF7775-67BD-41E8-8708-8D45528816E9}.Release|x86.Build.0 = Release|Any CPU
		{EDE6A1BA-1AF2-415C-859D-E56648A7CDE3}.Debug|Any CPU.ActiveCfg = Debug|Any CPU
		{EDE6A1BA-1AF2-415C-859D-E56648A7CDE3}.Debug|Any CPU.Build.0 = Debug|Any CPU
		{EDE6A1BA-1AF2-415C-859D-E56648A7CDE3}.Debug|x86.ActiveCfg = Debug|Any CPU
		{EDE6A1BA-1AF2-415C-859D-E56648A7CDE3}.Debug|x86.Build.0 = Debug|Any CPU
		{EDE6A1BA-1AF2-415C-859D-E56648A7CDE3}.Release|Any CPU.ActiveCfg = Release|Any CPU
		{EDE6A1BA-1AF2-415C-859D-E56648A7CDE3}.Release|Any CPU.Build.0 = Release|Any CPU
		{EDE6A1BA-1AF2-415C-859D-E56648A7CDE3}.Release|x86.ActiveCfg = Release|Any CPU
		{EDE6A1BA-1AF2-415C-859D-E56648A7CDE3}.Release|x86.Build.0 = Release|Any CPU
		{8B1C9073-F73C-4329-8575-D2844A7B1C75}.Debug|Any CPU.ActiveCfg = Debug|Any CPU
		{8B1C9073-F73C-4329-8575-D2844A7B1C75}.Debug|Any CPU.Build.0 = Debug|Any CPU
		{8B1C9073-F73C-4329-8575-D2844A7B1C75}.Debug|x86.ActiveCfg = Debug|Any CPU
		{8B1C9073-F73C-4329-8575-D2844A7B1C75}.Debug|x86.Build.0 = Debug|Any CPU
		{8B1C9073-F73C-4329-8575-D2844A7B1C75}.Release|Any CPU.ActiveCfg = Release|Any CPU
		{8B1C9073-F73C-4329-8575-D2844A7B1C75}.Release|Any CPU.Build.0 = Release|Any CPU
		{8B1C9073-F73C-4329-8575-D2844A7B1C75}.Release|x86.ActiveCfg = Release|Any CPU
		{8B1C9073-F73C-4329-8575-D2844A7B1C75}.Release|x86.Build.0 = Release|Any CPU
		{82387D7A-5BCE-4838-92C9-252B11C7E567}.Debug|Any CPU.ActiveCfg = Debug|Any CPU
		{82387D7A-5BCE-4838-92C9-252B11C7E567}.Debug|Any CPU.Build.0 = Debug|Any CPU
		{82387D7A-5BCE-4838-92C9-252B11C7E567}.Debug|x86.ActiveCfg = Debug|Any CPU
		{82387D7A-5BCE-4838-92C9-252B11C7E567}.Debug|x86.Build.0 = Debug|Any CPU
		{82387D7A-5BCE-4838-92C9-252B11C7E567}.Release|Any CPU.ActiveCfg = Release|Any CPU
		{82387D7A-5BCE-4838-92C9-252B11C7E567}.Release|Any CPU.Build.0 = Release|Any CPU
		{82387D7A-5BCE-4838-92C9-252B11C7E567}.Release|x86.ActiveCfg = Release|Any CPU
		{82387D7A-5BCE-4838-92C9-252B11C7E567}.Release|x86.Build.0 = Release|Any CPU
		{E54F2903-FB49-45F9-A159-63F0E1B29F2B}.Debug|Any CPU.ActiveCfg = Debug|Any CPU
		{E54F2903-FB49-45F9-A159-63F0E1B29F2B}.Debug|Any CPU.Build.0 = Debug|Any CPU
		{E54F2903-FB49-45F9-A159-63F0E1B29F2B}.Debug|x86.ActiveCfg = Debug|Any CPU
		{E54F2903-FB49-45F9-A159-63F0E1B29F2B}.Debug|x86.Build.0 = Debug|Any CPU
		{E54F2903-FB49-45F9-A159-63F0E1B29F2B}.Release|Any CPU.ActiveCfg = Release|Any CPU
		{E54F2903-FB49-45F9-A159-63F0E1B29F2B}.Release|Any CPU.Build.0 = Release|Any CPU
		{E54F2903-FB49-45F9-A159-63F0E1B29F2B}.Release|x86.ActiveCfg = Release|Any CPU
		{E54F2903-FB49-45F9-A159-63F0E1B29F2B}.Release|x86.Build.0 = Release|Any CPU
	EndGlobalSection
	GlobalSection(SolutionProperties) = preSolution
		HideSolutionNode = FALSE
	EndGlobalSection
	GlobalSection(NestedProjects) = preSolution
		{C8373B8F-13E5-4DDE-9903-6637BDD5FE1E} = {D9F89F83-EAD1-453D-820D-B1E0E10E229B}
		{E38420C8-B37C-4B26-A77E-AE60BC495395} = {D9F89F83-EAD1-453D-820D-B1E0E10E229B}
		{2479EC41-D7CB-47FA-A3F5-2A5080050FDD} = {D9F89F83-EAD1-453D-820D-B1E0E10E229B}
		{A99D5AEB-2FD5-430B-9D56-DBF20C5C873F} = {D9F89F83-EAD1-453D-820D-B1E0E10E229B}
		{F37EDCC1-5A3F-4234-AED9-A4E6E02A1413} = {D9F89F83-EAD1-453D-820D-B1E0E10E229B}
		{72C90539-B00C-47AC-933B-21FFF2D96BFA} = {D9F89F83-EAD1-453D-820D-B1E0E10E229B}
		{BE8A5086-3E7F-46BB-BC73-723280F2EE89} = {DC4DA295-06DA-4843-AAF0-C195D69F08C5}
		{24969AF8-762D-438E-836A-C295609B1D93} = {DC4DA295-06DA-4843-AAF0-C195D69F08C5}
		{E7BF7775-67BD-41E8-8708-8D45528816E9} = {D9F89F83-EAD1-453D-820D-B1E0E10E229B}
		{EDE6A1BA-1AF2-415C-859D-E56648A7CDE3} = {DC4DA295-06DA-4843-AAF0-C195D69F08C5}
		{8B1C9073-F73C-4329-8575-D2844A7B1C75} = {C8E001FC-41F5-4A9B-9EFE-85AE01579F76}
		{82387D7A-5BCE-4838-92C9-252B11C7E567} = {C8E001FC-41F5-4A9B-9EFE-85AE01579F76}
		{E54F2903-FB49-45F9-A159-63F0E1B29F2B} = {C8E001FC-41F5-4A9B-9EFE-85AE01579F76}
	EndGlobalSection
	GlobalSection(ExtensibilityGlobals) = postSolution
		SolutionGuid = {5D5357EE-777C-4931-90F6-9FB71DF1F024}
	EndGlobalSection
EndGlobal
